
Microsoft Visual Studio Solution File, Format Version 12.00
# Visual Studio Version 17
VisualStudioVersion = 17.4.33213.308
MinimumVisualStudioVersion = 10.0.40219.1
Project("{FAE04EC0-301F-11D3-BF4B-00C04F79EFBC}") = "CourseProject", "CourseProject\CourseProject.csproj", "{720DD1B2-88DE-4BD9-A5CF-F50221FF4C66}"
EndProject
Project("{FAE04EC0-301F-11D3-BF4B-00C04F79EFBC}") = "CourseProjectTests", "CourseProjectTests\CourseProjectTests.csproj", "{B0AE20F1-E739-4D20-8619-BA6097A29190}"
EndProject
Global
	GlobalSection(SolutionConfigurationPlatforms) = preSolution
		Debug|Any CPU = Debug|Any CPU
		Release|Any CPU = Release|Any CPU
	EndGlobalSection
	GlobalSection(ProjectConfigurationPlatforms) = postSolution
		{720DD1B2-88DE-4BD9-A5CF-F50221FF4C66}.Debug|Any CPU.ActiveCfg = Debug|Any CPU
		{720DD1B2-88DE-4BD9-A5CF-F50221FF4C66}.Debug|Any CPU.Build.0 = Debug|Any CPU
		{720DD1B2-88DE-4BD9-A5CF-F50221FF4C66}.Release|Any CPU.ActiveCfg = Release|Any CPU
		{720DD1B2-88DE-4BD9-A5CF-F50221FF4C66}.Release|Any CPU.Build.0 = Release|Any CPU
		{B0AE20F1-E739-4D20-8619-BA6097A29190}.Debug|Any CPU.ActiveCfg = Debug|Any CPU
		{B0AE20F1-E739-4D20-8619-BA6097A29190}.Debug|Any CPU.Build.0 = Debug|Any CPU
		{B0AE20F1-E739-4D20-8619-BA6097A29190}.Release|Any CPU.ActiveCfg = Release|Any CPU
		{B0AE20F1-E739-4D20-8619-BA6097A29190}.Release|Any CPU.Build.0 = Release|Any CPU
	EndGlobalSection
	GlobalSection(SolutionProperties) = preSolution
		HideSolutionNode = FALSE
	EndGlobalSection
	GlobalSection(ExtensibilityGlobals) = postSolution
		SolutionGuid = {B4DCB824-2492-4696-AFA1-2CEE302A37D6}
	EndGlobalSection
EndGlobal
